{
  "object": {
    "pins": [
      {
        "package": "EBFoundation",
        "repositoryURL": "https://github.com/egor-badaev/EBFoundation",
        "state": {
          "branch": null,
          "revision": "330caebba0e5e833ada5215c587b9fa41e85a3f7",
          "version": "1.0.3"
        }
      }
    ]
  },
  "version": 1
}
